
Microsoft Visual Studio Solution File, Format Version 12.00
Project("{FAE04EC0-301F-11D3-BF4B-00C04F79EFBC}") = "Jellyfin.Plugin.Anime", "Jellyfin.Plugin.Anime.csproj", "{D7088094-38A7-4B7C-9799-BF3B3E64070B}"
EndProject
Global
	GlobalSection(SolutionConfigurationPlatforms) = preSolution
		Debug|Any CPU = Debug|Any CPU
		Release|Any CPU = Release|Any CPU
	EndGlobalSection
	GlobalSection(ProjectConfigurationPlatforms) = postSolution
		{D7088094-38A7-4B7C-9799-BF3B3E64070B}.Debug|Any CPU.ActiveCfg = Debug|Any CPU
		{D7088094-38A7-4B7C-9799-BF3B3E64070B}.Debug|Any CPU.Build.0 = Debug|Any CPU
		{D7088094-38A7-4B7C-9799-BF3B3E64070B}.Release|Any CPU.ActiveCfg = Release|Any CPU
		{D7088094-38A7-4B7C-9799-BF3B3E64070B}.Release|Any CPU.Build.0 = Release|Any CPU
	EndGlobalSection
EndGlobal
